
Microsoft Visual Studio Solution File, Format Version 12.00
# Visual Studio 15
VisualStudioVersion = 15.0.28307.271
MinimumVisualStudioVersion = 10.0.40219.1
Project("{FAE04EC0-301F-11D3-BF4B-00C04F79EFBC}") = "ClassLibrary1", "ClassLibrary1\ClassLibrary1.csproj", "{BF7FA14A-849A-4913-AEF4-C5529EAC8A09}"
EndProject
Global
	GlobalSection(SolutionConfigurationPlatforms) = preSolution
		Debug|Any CPU = Debug|Any CPU
		Release|Any CPU = Release|Any CPU
	EndGlobalSection
	GlobalSection(ProjectConfigurationPlatforms) = postSolution
		{BF7FA14A-849A-4913-AEF4-C5529EAC8A09}.Debug|Any CPU.ActiveCfg = Debug|Any CPU
		{BF7FA14A-849A-4913-AEF4-C5529EAC8A09}.Debug|Any CPU.Build.0 = Debug|Any CPU
		{BF7FA14A-849A-4913-AEF4-C5529EAC8A09}.Release|Any CPU.ActiveCfg = Release|Any CPU
		{BF7FA14A-849A-4913-AEF4-C5529EAC8A09}.Release|Any CPU.Build.0 = Release|Any CPU
	EndGlobalSection
	GlobalSection(SolutionProperties) = preSolution
		HideSolutionNode = FALSE
	EndGlobalSection
	GlobalSection(ExtensibilityGlobals) = postSolution
		SolutionGuid = {A4330F13-D49E-432B-811E-21E53B5B4F6F}
	EndGlobalSection
EndGlobal
