
Microsoft Visual Studio Solution File, Format Version 12.00
# Visual Studio 15
VisualStudioVersion = 15.0.28307.271
MinimumVisualStudioVersion = 10.0.40219.1
Project("{2150E333-8FDC-42A3-9474-1A3956D46DE8}") = "Doc", "Doc", "{F914DEBB-07D6-4B94-93A0-FF015C9AECBE}"
	ProjectSection(SolutionItems) = preProject
		Readme.md = Readme.md
	EndProjectSection
EndProject
Project("{2150E333-8FDC-42A3-9474-1A3956D46DE8}") = "Src", "Src", "{1D0817CB-F1CB-4E72-942D-EF2F4FAC26E7}"
EndProject
Project("{2150E333-8FDC-42A3-9474-1A3956D46DE8}") = "Test", "Test", "{E1A20131-4A71-4F0F-BA01-07693A223E20}"
EndProject
Project("{2150E333-8FDC-42A3-9474-1A3956D46DE8}") = "Common", "Common", "{A3C3E855-1967-4899-AB48-FEFFD256D2FF}"
EndProject
Project("{2150E333-8FDC-42A3-9474-1A3956D46DE8}") = "Core", "Core", "{2A67CE65-F4D4-4068-AA7D-EC227C11E422}"
EndProject
Project("{9A19103F-16F7-4668-BE54-9A1E7A4F7556}") = "CoffeeMachine.Domain", "CoffeeMachine.Domain\CoffeeMachine.Domain.csproj", "{972ACAE0-30F6-4718-8536-407122366550}"
EndProject
Project("{9A19103F-16F7-4668-BE54-9A1E7A4F7556}") = "CoffeeMachine.Application", "CoffeeMachine.Application\CoffeeMachine.Application.csproj", "{E5B76C21-D576-4BF8-A28B-885B79412D99}"
EndProject
Project("{2150E333-8FDC-42A3-9474-1A3956D46DE8}") = "Infrastructure", "Infrastructure", "{2CAB7A5C-221C-4A3E-A44B-F285BB4711C4}"
EndProject
Project("{9A19103F-16F7-4668-BE54-9A1E7A4F7556}") = "CoffeeMachine.Persistence", "CoffeeMachine.Persistence\CoffeeMachine.Persistence.csproj", "{BB1898A4-13DA-4C1E-9F82-00B5EE93C585}"
EndProject
Project("{2150E333-8FDC-42A3-9474-1A3956D46DE8}") = "Presentation", "Presentation", "{4522B157-6F34-49DC-B10B-1AC56DD4D6DA}"
EndProject
Project("{9A19103F-16F7-4668-BE54-9A1E7A4F7556}") = "CoffeeMachine.Common", "CoffeeMachine.Common\CoffeeMachine.Common.csproj", "{0D009F50-D8C8-49BB-85BF-F9DE61D5D23A}"
EndProject
Project("{9A19103F-16F7-4668-BE54-9A1E7A4F7556}") = "CoffeeMachine.Application.Test", "CoffeeMachine.Application.Test\CoffeeMachine.Application.Test.csproj", "{FCF1312E-C903-4358-8AA0-57E151C468BE}"
EndProject
Project("{9A19103F-16F7-4668-BE54-9A1E7A4F7556}") = "CoffeeMachine.Domain.Test", "CoffeeMachine.Domain.Test\CoffeeMachine.Domain.Test.csproj", "{92C2317C-3EE0-4F54-98EF-35468B415E58}"
EndProject
Project("{9A19103F-16F7-4668-BE54-9A1E7A4F7556}") = "CoffeeMachine.WebApi", "CoffeeMachine.WebApi\CoffeeMachine.WebApi.csproj", "{82D8FC32-76EA-4678-B704-E301524CEAA6}"
EndProject
Project("{9A19103F-16F7-4668-BE54-9A1E7A4F7556}") = "CoffeeMachine.WebUi", "CoffeeMachine.WebUi\CoffeeMachine.WebUi.csproj", "{F095C40B-6CD5-4423-A732-7C66AE6F7188}"
EndProject
Global
	GlobalSection(SolutionConfigurationPlatforms) = preSolution
		Ad-Hoc|Any CPU = Ad-Hoc|Any CPU
		Ad-Hoc|ARM = Ad-Hoc|ARM
		Ad-Hoc|iPhone = Ad-Hoc|iPhone
		Ad-Hoc|iPhoneSimulator = Ad-Hoc|iPhoneSimulator
		Ad-Hoc|x64 = Ad-Hoc|x64
		Ad-Hoc|x86 = Ad-Hoc|x86
		AppStore|Any CPU = AppStore|Any CPU
		AppStore|ARM = AppStore|ARM
		AppStore|iPhone = AppStore|iPhone
		AppStore|iPhoneSimulator = AppStore|iPhoneSimulator
		AppStore|x64 = AppStore|x64
		AppStore|x86 = AppStore|x86
		Debug|Any CPU = Debug|Any CPU
		Debug|ARM = Debug|ARM
		Debug|iPhone = Debug|iPhone
		Debug|iPhoneSimulator = Debug|iPhoneSimulator
		Debug|x64 = Debug|x64
		Debug|x86 = Debug|x86
		Release|Any CPU = Release|Any CPU
		Release|ARM = Release|ARM
		Release|iPhone = Release|iPhone
		Release|iPhoneSimulator = Release|iPhoneSimulator
		Release|x64 = Release|x64
		Release|x86 = Release|x86
	EndGlobalSection
	GlobalSection(ProjectConfigurationPlatforms) = postSolution
		{972ACAE0-30F6-4718-8536-407122366550}.Ad-Hoc|Any CPU.ActiveCfg = Release|Any CPU
		{972ACAE0-30F6-4718-8536-407122366550}.Ad-Hoc|Any CPU.Build.0 = Release|Any CPU
		{972ACAE0-30F6-4718-8536-407122366550}.Ad-Hoc|ARM.ActiveCfg = Release|Any CPU
		{972ACAE0-30F6-4718-8536-407122366550}.Ad-Hoc|ARM.Build.0 = Release|Any CPU
		{972ACAE0-30F6-4718-8536-407122366550}.Ad-Hoc|iPhone.ActiveCfg = Release|Any CPU
		{972ACAE0-30F6-4718-8536-407122366550}.Ad-Hoc|iPhone.Build.0 = Release|Any CPU
		{972ACAE0-30F6-4718-8536-407122366550}.Ad-Hoc|iPhoneSimulator.ActiveCfg = Release|Any CPU
		{972ACAE0-30F6-4718-8536-407122366550}.Ad-Hoc|iPhoneSimulator.Build.0 = Release|Any CPU
		{972ACAE0-30F6-4718-8536-407122366550}.Ad-Hoc|x64.ActiveCfg = Release|Any CPU
		{972ACAE0-30F6-4718-8536-407122366550}.Ad-Hoc|x64.Build.0 = Release|Any CPU
		{972ACAE0-30F6-4718-8536-407122366550}.Ad-Hoc|x86.ActiveCfg = Release|Any CPU
		{972ACAE0-30F6-4718-8536-407122366550}.Ad-Hoc|x86.Build.0 = Release|Any CPU
		{972ACAE0-30F6-4718-8536-407122366550}.AppStore|Any CPU.ActiveCfg = Release|Any CPU
		{972ACAE0-30F6-4718-8536-407122366550}.AppStore|Any CPU.Build.0 = Release|Any CPU
		{972ACAE0-30F6-4718-8536-407122366550}.AppStore|ARM.ActiveCfg = Release|Any CPU
		{972ACAE0-30F6-4718-8536-407122366550}.AppStore|ARM.Build.0 = Release|Any CPU
		{972ACAE0-30F6-4718-8536-407122366550}.AppStore|iPhone.ActiveCfg = Release|Any CPU
		{972ACAE0-30F6-4718-8536-407122366550}.AppStore|iPhone.Build.0 = Release|Any CPU
		{972ACAE0-30F6-4718-8536-407122366550}.AppStore|iPhoneSimulator.ActiveCfg = Release|Any CPU
		{972ACAE0-30F6-4718-8536-407122366550}.AppStore|iPhoneSimulator.Build.0 = Release|Any CPU
		{972ACAE0-30F6-4718-8536-407122366550}.AppStore|x64.ActiveCfg = Release|Any CPU
		{972ACAE0-30F6-4718-8536-407122366550}.AppStore|x64.Build.0 = Release|Any CPU
		{972ACAE0-30F6-4718-8536-407122366550}.AppStore|x86.ActiveCfg = Release|Any CPU
		{972ACAE0-30F6-4718-8536-407122366550}.AppStore|x86.Build.0 = Release|Any CPU
		{972ACAE0-30F6-4718-8536-407122366550}.Debug|Any CPU.ActiveCfg = Debug|Any CPU
		{972ACAE0-30F6-4718-8536-407122366550}.Debug|Any CPU.Build.0 = Debug|Any CPU
		{972ACAE0-30F6-4718-8536-407122366550}.Debug|ARM.ActiveCfg = Debug|Any CPU
		{972ACAE0-30F6-4718-8536-407122366550}.Debug|ARM.Build.0 = Debug|Any CPU
		{972ACAE0-30F6-4718-8536-407122366550}.Debug|iPhone.ActiveCfg = Debug|Any CPU
		{972ACAE0-30F6-4718-8536-407122366550}.Debug|iPhone.Build.0 = Debug|Any CPU
		{972ACAE0-30F6-4718-8536-407122366550}.Debug|iPhoneSimulator.ActiveCfg = Debug|Any CPU
		{972ACAE0-30F6-4718-8536-407122366550}.Debug|iPhoneSimulator.Build.0 = Debug|Any CPU
		{972ACAE0-30F6-4718-8536-407122366550}.Debug|x64.ActiveCfg = Debug|Any CPU
		{972ACAE0-30F6-4718-8536-407122366550}.Debug|x64.Build.0 = Debug|Any CPU
		{972ACAE0-30F6-4718-8536-407122366550}.Debug|x86.ActiveCfg = Debug|Any CPU
		{972ACAE0-30F6-4718-8536-407122366550}.Debug|x86.Build.0 = Debug|Any CPU
		{972ACAE0-30F6-4718-8536-407122366550}.Release|Any CPU.ActiveCfg = Release|Any CPU
		{972ACAE0-30F6-4718-8536-407122366550}.Release|Any CPU.Build.0 = Release|Any CPU
		{972ACAE0-30F6-4718-8536-407122366550}.Release|ARM.ActiveCfg = Release|Any CPU
		{972ACAE0-30F6-4718-8536-407122366550}.Release|ARM.Build.0 = Release|Any CPU
		{972ACAE0-30F6-4718-8536-407122366550}.Release|iPhone.ActiveCfg = Release|Any CPU
		{972ACAE0-30F6-4718-8536-407122366550}.Release|iPhone.Build.0 = Release|Any CPU
		{972ACAE0-30F6-4718-8536-407122366550}.Release|iPhoneSimulator.ActiveCfg = Release|Any CPU
		{972ACAE0-30F6-4718-8536-407122366550}.Release|iPhoneSimulator.Build.0 = Release|Any CPU
		{972ACAE0-30F6-4718-8536-407122366550}.Release|x64.ActiveCfg = Release|Any CPU
		{972ACAE0-30F6-4718-8536-407122366550}.Release|x64.Build.0 = Release|Any CPU
		{972ACAE0-30F6-4718-8536-407122366550}.Release|x86.ActiveCfg = Release|Any CPU
		{972ACAE0-30F6-4718-8536-407122366550}.Release|x86.Build.0 = Release|Any CPU
		{E5B76C21-D576-4BF8-A28B-885B79412D99}.Ad-Hoc|Any CPU.ActiveCfg = Release|Any CPU
		{E5B76C21-D576-4BF8-A28B-885B79412D99}.Ad-Hoc|Any CPU.Build.0 = Release|Any CPU
		{E5B76C21-D576-4BF8-A28B-885B79412D99}.Ad-Hoc|ARM.ActiveCfg = Release|Any CPU
		{E5B76C21-D576-4BF8-A28B-885B79412D99}.Ad-Hoc|ARM.Build.0 = Release|Any CPU
		{E5B76C21-D576-4BF8-A28B-885B79412D99}.Ad-Hoc|iPhone.ActiveCfg = Release|Any CPU
		{E5B76C21-D576-4BF8-A28B-885B79412D99}.Ad-Hoc|iPhone.Build.0 = Release|Any CPU
		{E5B76C21-D576-4BF8-A28B-885B79412D99}.Ad-Hoc|iPhoneSimulator.ActiveCfg = Release|Any CPU
		{E5B76C21-D576-4BF8-A28B-885B79412D99}.Ad-Hoc|iPhoneSimulator.Build.0 = Release|Any CPU
		{E5B76C21-D576-4BF8-A28B-885B79412D99}.Ad-Hoc|x64.ActiveCfg = Release|Any CPU
		{E5B76C21-D576-4BF8-A28B-885B79412D99}.Ad-Hoc|x64.Build.0 = Release|Any CPU
		{E5B76C21-D576-4BF8-A28B-885B79412D99}.Ad-Hoc|x86.ActiveCfg = Release|Any CPU
		{E5B76C21-D576-4BF8-A28B-885B79412D99}.Ad-Hoc|x86.Build.0 = Release|Any CPU
		{E5B76C21-D576-4BF8-A28B-885B79412D99}.AppStore|Any CPU.ActiveCfg = Release|Any CPU
		{E5B76C21-D576-4BF8-A28B-885B79412D99}.AppStore|Any CPU.Build.0 = Release|Any CPU
		{E5B76C21-D576-4BF8-A28B-885B79412D99}.AppStore|ARM.ActiveCfg = Release|Any CPU
		{E5B76C21-D576-4BF8-A28B-885B79412D99}.AppStore|ARM.Build.0 = Release|Any CPU
		{E5B76C21-D576-4BF8-A28B-885B79412D99}.AppStore|iPhone.ActiveCfg = Release|Any CPU
		{E5B76C21-D576-4BF8-A28B-885B79412D99}.AppStore|iPhone.Build.0 = Release|Any CPU
		{E5B76C21-D576-4BF8-A28B-885B79412D99}.AppStore|iPhoneSimulator.ActiveCfg = Release|Any CPU
		{E5B76C21-D576-4BF8-A28B-885B79412D99}.AppStore|iPhoneSimulator.Build.0 = Release|Any CPU
		{E5B76C21-D576-4BF8-A28B-885B79412D99}.AppStore|x64.ActiveCfg = Release|Any CPU
		{E5B76C21-D576-4BF8-A28B-885B79412D99}.AppStore|x64.Build.0 = Release|Any CPU
		{E5B76C21-D576-4BF8-A28B-885B79412D99}.AppStore|x86.ActiveCfg = Release|Any CPU
		{E5B76C21-D576-4BF8-A28B-885B79412D99}.AppStore|x86.Build.0 = Release|Any CPU
		{E5B76C21-D576-4BF8-A28B-885B79412D99}.Debug|Any CPU.ActiveCfg = Debug|Any CPU
		{E5B76C21-D576-4BF8-A28B-885B79412D99}.Debug|Any CPU.Build.0 = Debug|Any CPU
		{E5B76C21-D576-4BF8-A28B-885B79412D99}.Debug|ARM.ActiveCfg = Debug|Any CPU
		{E5B76C21-D576-4BF8-A28B-885B79412D99}.Debug|ARM.Build.0 = Debug|Any CPU
		{E5B76C21-D576-4BF8-A28B-885B79412D99}.Debug|iPhone.ActiveCfg = Debug|Any CPU
		{E5B76C21-D576-4BF8-A28B-885B79412D99}.Debug|iPhone.Build.0 = Debug|Any CPU
		{E5B76C21-D576-4BF8-A28B-885B79412D99}.Debug|iPhoneSimulator.ActiveCfg = Debug|Any CPU
		{E5B76C21-D576-4BF8-A28B-885B79412D99}.Debug|iPhoneSimulator.Build.0 = Debug|Any CPU
		{E5B76C21-D576-4BF8-A28B-885B79412D99}.Debug|x64.ActiveCfg = Debug|Any CPU
		{E5B76C21-D576-4BF8-A28B-885B79412D99}.Debug|x64.Build.0 = Debug|Any CPU
		{E5B76C21-D576-4BF8-A28B-885B79412D99}.Debug|x86.ActiveCfg = Debug|Any CPU
		{E5B76C21-D576-4BF8-A28B-885B79412D99}.Debug|x86.Build.0 = Debug|Any CPU
		{E5B76C21-D576-4BF8-A28B-885B79412D99}.Release|Any CPU.ActiveCfg = Release|Any CPU
		{E5B76C21-D576-4BF8-A28B-885B79412D99}.Release|Any CPU.Build.0 = Release|Any CPU
		{E5B76C21-D576-4BF8-A28B-885B79412D99}.Release|ARM.ActiveCfg = Release|Any CPU
		{E5B76C21-D576-4BF8-A28B-885B79412D99}.Release|ARM.Build.0 = Release|Any CPU
		{E5B76C21-D576-4BF8-A28B-885B79412D99}.Release|iPhone.ActiveCfg = Release|Any CPU
		{E5B76C21-D576-4BF8-A28B-885B79412D99}.Release|iPhone.Build.0 = Release|Any CPU
		{E5B76C21-D576-4BF8-A28B-885B79412D99}.Release|iPhoneSimulator.ActiveCfg = Release|Any CPU
		{E5B76C21-D576-4BF8-A28B-885B79412D99}.Release|iPhoneSimulator.Build.0 = Release|Any CPU
		{E5B76C21-D576-4BF8-A28B-885B79412D99}.Release|x64.ActiveCfg = Release|Any CPU
		{E5B76C21-D576-4BF8-A28B-885B79412D99}.Release|x64.Build.0 = Release|Any CPU
		{E5B76C21-D576-4BF8-A28B-885B79412D99}.Release|x86.ActiveCfg = Release|Any CPU
		{E5B76C21-D576-4BF8-A28B-885B79412D99}.Release|x86.Build.0 = Release|Any CPU
		{BB1898A4-13DA-4C1E-9F82-00B5EE93C585}.Ad-Hoc|Any CPU.ActiveCfg = Release|Any CPU
		{BB1898A4-13DA-4C1E-9F82-00B5EE93C585}.Ad-Hoc|Any CPU.Build.0 = Release|Any CPU
		{BB1898A4-13DA-4C1E-9F82-00B5EE93C585}.Ad-Hoc|ARM.ActiveCfg = Release|Any CPU
		{BB1898A4-13DA-4C1E-9F82-00B5EE93C585}.Ad-Hoc|ARM.Build.0 = Release|Any CPU
		{BB1898A4-13DA-4C1E-9F82-00B5EE93C585}.Ad-Hoc|iPhone.ActiveCfg = Release|Any CPU
		{BB1898A4-13DA-4C1E-9F82-00B5EE93C585}.Ad-Hoc|iPhone.Build.0 = Release|Any CPU
		{BB1898A4-13DA-4C1E-9F82-00B5EE93C585}.Ad-Hoc|iPhoneSimulator.ActiveCfg = Release|Any CPU
		{BB1898A4-13DA-4C1E-9F82-00B5EE93C585}.Ad-Hoc|iPhoneSimulator.Build.0 = Release|Any CPU
		{BB1898A4-13DA-4C1E-9F82-00B5EE93C585}.Ad-Hoc|x64.ActiveCfg = Release|Any CPU
		{BB1898A4-13DA-4C1E-9F82-00B5EE93C585}.Ad-Hoc|x64.Build.0 = Release|Any CPU
		{BB1898A4-13DA-4C1E-9F82-00B5EE93C585}.Ad-Hoc|x86.ActiveCfg = Release|Any CPU
		{BB1898A4-13DA-4C1E-9F82-00B5EE93C585}.Ad-Hoc|x86.Build.0 = Release|Any CPU
		{BB1898A4-13DA-4C1E-9F82-00B5EE93C585}.AppStore|Any CPU.ActiveCfg = Release|Any CPU
		{BB1898A4-13DA-4C1E-9F82-00B5EE93C585}.AppStore|Any CPU.Build.0 = Release|Any CPU
		{BB1898A4-13DA-4C1E-9F82-00B5EE93C585}.AppStore|ARM.ActiveCfg = Release|Any CPU
		{BB1898A4-13DA-4C1E-9F82-00B5EE93C585}.AppStore|ARM.Build.0 = Release|Any CPU
		{BB1898A4-13DA-4C1E-9F82-00B5EE93C585}.AppStore|iPhone.ActiveCfg = Release|Any CPU
		{BB1898A4-13DA-4C1E-9F82-00B5EE93C585}.AppStore|iPhone.Build.0 = Release|Any CPU
		{BB1898A4-13DA-4C1E-9F82-00B5EE93C585}.AppStore|iPhoneSimulator.ActiveCfg = Release|Any CPU
		{BB1898A4-13DA-4C1E-9F82-00B5EE93C585}.AppStore|iPhoneSimulator.Build.0 = Release|Any CPU
		{BB1898A4-13DA-4C1E-9F82-00B5EE93C585}.AppStore|x64.ActiveCfg = Release|Any CPU
		{BB1898A4-13DA-4C1E-9F82-00B5EE93C585}.AppStore|x64.Build.0 = Release|Any CPU
		{BB1898A4-13DA-4C1E-9F82-00B5EE93C585}.AppStore|x86.ActiveCfg = Release|Any CPU
		{BB1898A4-13DA-4C1E-9F82-00B5EE93C585}.AppStore|x86.Build.0 = Release|Any CPU
		{BB1898A4-13DA-4C1E-9F82-00B5EE93C585}.Debug|Any CPU.ActiveCfg = Debug|Any CPU
		{BB1898A4-13DA-4C1E-9F82-00B5EE93C585}.Debug|Any CPU.Build.0 = Debug|Any CPU
		{BB1898A4-13DA-4C1E-9F82-00B5EE93C585}.Debug|ARM.ActiveCfg = Debug|Any CPU
		{BB1898A4-13DA-4C1E-9F82-00B5EE93C585}.Debug|ARM.Build.0 = Debug|Any CPU
		{BB1898A4-13DA-4C1E-9F82-00B5EE93C585}.Debug|iPhone.ActiveCfg = Debug|Any CPU
		{BB1898A4-13DA-4C1E-9F82-00B5EE93C585}.Debug|iPhone.Build.0 = Debug|Any CPU
		{BB1898A4-13DA-4C1E-9F82-00B5EE93C585}.Debug|iPhoneSimulator.ActiveCfg = Debug|Any CPU
		{BB1898A4-13DA-4C1E-9F82-00B5EE93C585}.Debug|iPhoneSimulator.Build.0 = Debug|Any CPU
		{BB1898A4-13DA-4C1E-9F82-00B5EE93C585}.Debug|x64.ActiveCfg = Debug|Any CPU
		{BB1898A4-13DA-4C1E-9F82-00B5EE93C585}.Debug|x64.Build.0 = Debug|Any CPU
		{BB1898A4-13DA-4C1E-9F82-00B5EE93C585}.Debug|x86.ActiveCfg = Debug|Any CPU
		{BB1898A4-13DA-4C1E-9F82-00B5EE93C585}.Debug|x86.Build.0 = Debug|Any CPU
		{BB1898A4-13DA-4C1E-9F82-00B5EE93C585}.Release|Any CPU.ActiveCfg = Release|Any CPU
		{BB1898A4-13DA-4C1E-9F82-00B5EE93C585}.Release|Any CPU.Build.0 = Release|Any CPU
		{BB1898A4-13DA-4C1E-9F82-00B5EE93C585}.Release|ARM.ActiveCfg = Release|Any CPU
		{BB1898A4-13DA-4C1E-9F82-00B5EE93C585}.Release|ARM.Build.0 = Release|Any CPU
		{BB1898A4-13DA-4C1E-9F82-00B5EE93C585}.Release|iPhone.ActiveCfg = Release|Any CPU
		{BB1898A4-13DA-4C1E-9F82-00B5EE93C585}.Release|iPhone.Build.0 = Release|Any CPU
		{BB1898A4-13DA-4C1E-9F82-00B5EE93C585}.Release|iPhoneSimulator.ActiveCfg = Release|Any CPU
		{BB1898A4-13DA-4C1E-9F82-00B5EE93C585}.Release|iPhoneSimulator.Build.0 = Release|Any CPU
		{BB1898A4-13DA-4C1E-9F82-00B5EE93C585}.Release|x64.ActiveCfg = Release|Any CPU
		{BB1898A4-13DA-4C1E-9F82-00B5EE93C585}.Release|x64.Build.0 = Release|Any CPU
		{BB1898A4-13DA-4C1E-9F82-00B5EE93C585}.Release|x86.ActiveCfg = Release|Any CPU
		{BB1898A4-13DA-4C1E-9F82-00B5EE93C585}.Release|x86.Build.0 = Release|Any CPU
		{0D009F50-D8C8-49BB-85BF-F9DE61D5D23A}.Ad-Hoc|Any CPU.ActiveCfg = Release|Any CPU
		{0D009F50-D8C8-49BB-85BF-F9DE61D5D23A}.Ad-Hoc|Any CPU.Build.0 = Release|Any CPU
		{0D009F50-D8C8-49BB-85BF-F9DE61D5D23A}.Ad-Hoc|ARM.ActiveCfg = Release|Any CPU
		{0D009F50-D8C8-49BB-85BF-F9DE61D5D23A}.Ad-Hoc|ARM.Build.0 = Release|Any CPU
		{0D009F50-D8C8-49BB-85BF-F9DE61D5D23A}.Ad-Hoc|iPhone.ActiveCfg = Release|Any CPU
		{0D009F50-D8C8-49BB-85BF-F9DE61D5D23A}.Ad-Hoc|iPhone.Build.0 = Release|Any CPU
		{0D009F50-D8C8-49BB-85BF-F9DE61D5D23A}.Ad-Hoc|iPhoneSimulator.ActiveCfg = Release|Any CPU
		{0D009F50-D8C8-49BB-85BF-F9DE61D5D23A}.Ad-Hoc|iPhoneSimulator.Build.0 = Release|Any CPU
		{0D009F50-D8C8-49BB-85BF-F9DE61D5D23A}.Ad-Hoc|x64.ActiveCfg = Release|Any CPU
		{0D009F50-D8C8-49BB-85BF-F9DE61D5D23A}.Ad-Hoc|x64.Build.0 = Release|Any CPU
		{0D009F50-D8C8-49BB-85BF-F9DE61D5D23A}.Ad-Hoc|x86.ActiveCfg = Release|Any CPU
		{0D009F50-D8C8-49BB-85BF-F9DE61D5D23A}.Ad-Hoc|x86.Build.0 = Release|Any CPU
		{0D009F50-D8C8-49BB-85BF-F9DE61D5D23A}.AppStore|Any CPU.ActiveCfg = Release|Any CPU
		{0D009F50-D8C8-49BB-85BF-F9DE61D5D23A}.AppStore|Any CPU.Build.0 = Release|Any CPU
		{0D009F50-D8C8-49BB-85BF-F9DE61D5D23A}.AppStore|ARM.ActiveCfg = Release|Any CPU
		{0D009F50-D8C8-49BB-85BF-F9DE61D5D23A}.AppStore|ARM.Build.0 = Release|Any CPU
		{0D009F50-D8C8-49BB-85BF-F9DE61D5D23A}.AppStore|iPhone.ActiveCfg = Release|Any CPU
		{0D009F50-D8C8-49BB-85BF-F9DE61D5D23A}.AppStore|iPhone.Build.0 = Release|Any CPU
		{0D009F50-D8C8-49BB-85BF-F9DE61D5D23A}.AppStore|iPhoneSimulator.ActiveCfg = Release|Any CPU
		{0D009F50-D8C8-49BB-85BF-F9DE61D5D23A}.AppStore|iPhoneSimulator.Build.0 = Release|Any CPU
		{0D009F50-D8C8-49BB-85BF-F9DE61D5D23A}.AppStore|x64.ActiveCfg = Release|Any CPU
		{0D009F50-D8C8-49BB-85BF-F9DE61D5D23A}.AppStore|x64.Build.0 = Release|Any CPU
		{0D009F50-D8C8-49BB-85BF-F9DE61D5D23A}.AppStore|x86.ActiveCfg = Release|Any CPU
		{0D009F50-D8C8-49BB-85BF-F9DE61D5D23A}.AppStore|x86.Build.0 = Release|Any CPU
		{0D009F50-D8C8-49BB-85BF-F9DE61D5D23A}.Debug|Any CPU.ActiveCfg = Debug|Any CPU
		{0D009F50-D8C8-49BB-85BF-F9DE61D5D23A}.Debug|Any CPU.Build.0 = Debug|Any CPU
		{0D009F50-D8C8-49BB-85BF-F9DE61D5D23A}.Debug|ARM.ActiveCfg = Debug|Any CPU
		{0D009F50-D8C8-49BB-85BF-F9DE61D5D23A}.Debug|ARM.Build.0 = Debug|Any CPU
		{0D009F50-D8C8-49BB-85BF-F9DE61D5D23A}.Debug|iPhone.ActiveCfg = Debug|Any CPU
		{0D009F50-D8C8-49BB-85BF-F9DE61D5D23A}.Debug|iPhone.Build.0 = Debug|Any CPU
		{0D009F50-D8C8-49BB-85BF-F9DE61D5D23A}.Debug|iPhoneSimulator.ActiveCfg = Debug|Any CPU
		{0D009F50-D8C8-49BB-85BF-F9DE61D5D23A}.Debug|iPhoneSimulator.Build.0 = Debug|Any CPU
		{0D009F50-D8C8-49BB-85BF-F9DE61D5D23A}.Debug|x64.ActiveCfg = Debug|Any CPU
		{0D009F50-D8C8-49BB-85BF-F9DE61D5D23A}.Debug|x64.Build.0 = Debug|Any CPU
		{0D009F50-D8C8-49BB-85BF-F9DE61D5D23A}.Debug|x86.ActiveCfg = Debug|Any CPU
		{0D009F50-D8C8-49BB-85BF-F9DE61D5D23A}.Debug|x86.Build.0 = Debug|Any CPU
		{0D009F50-D8C8-49BB-85BF-F9DE61D5D23A}.Release|Any CPU.ActiveCfg = Release|Any CPU
		{0D009F50-D8C8-49BB-85BF-F9DE61D5D23A}.Release|Any CPU.Build.0 = Release|Any CPU
		{0D009F50-D8C8-49BB-85BF-F9DE61D5D23A}.Release|ARM.ActiveCfg = Release|Any CPU
		{0D009F50-D8C8-49BB-85BF-F9DE61D5D23A}.Release|ARM.Build.0 = Release|Any CPU
		{0D009F50-D8C8-49BB-85BF-F9DE61D5D23A}.Release|iPhone.ActiveCfg = Release|Any CPU
		{0D009F50-D8C8-49BB-85BF-F9DE61D5D23A}.Release|iPhone.Build.0 = Release|Any CPU
		{0D009F50-D8C8-49BB-85BF-F9DE61D5D23A}.Release|iPhoneSimulator.ActiveCfg = Release|Any CPU
		{0D009F50-D8C8-49BB-85BF-F9DE61D5D23A}.Release|iPhoneSimulator.Build.0 = Release|Any CPU
		{0D009F50-D8C8-49BB-85BF-F9DE61D5D23A}.Release|x64.ActiveCfg = Release|Any CPU
		{0D009F50-D8C8-49BB-85BF-F9DE61D5D23A}.Release|x64.Build.0 = Release|Any CPU
		{0D009F50-D8C8-49BB-85BF-F9DE61D5D23A}.Release|x86.ActiveCfg = Release|Any CPU
		{0D009F50-D8C8-49BB-85BF-F9DE61D5D23A}.Release|x86.Build.0 = Release|Any CPU
		{FCF1312E-C903-4358-8AA0-57E151C468BE}.Ad-Hoc|Any CPU.ActiveCfg = Release|Any CPU
		{FCF1312E-C903-4358-8AA0-57E151C468BE}.Ad-Hoc|Any CPU.Build.0 = Release|Any CPU
		{FCF1312E-C903-4358-8AA0-57E151C468BE}.Ad-Hoc|ARM.ActiveCfg = Release|Any CPU
		{FCF1312E-C903-4358-8AA0-57E151C468BE}.Ad-Hoc|ARM.Build.0 = Release|Any CPU
		{FCF1312E-C903-4358-8AA0-57E151C468BE}.Ad-Hoc|iPhone.ActiveCfg = Release|Any CPU
		{FCF1312E-C903-4358-8AA0-57E151C468BE}.Ad-Hoc|iPhone.Build.0 = Release|Any CPU
		{FCF1312E-C903-4358-8AA0-57E151C468BE}.Ad-Hoc|iPhoneSimulator.ActiveCfg = Release|Any CPU
		{FCF1312E-C903-4358-8AA0-57E151C468BE}.Ad-Hoc|iPhoneSimulator.Build.0 = Release|Any CPU
		{FCF1312E-C903-4358-8AA0-57E151C468BE}.Ad-Hoc|x64.ActiveCfg = Release|Any CPU
		{FCF1312E-C903-4358-8AA0-57E151C468BE}.Ad-Hoc|x64.Build.0 = Release|Any CPU
		{FCF1312E-C903-4358-8AA0-57E151C468BE}.Ad-Hoc|x86.ActiveCfg = Release|Any CPU
		{FCF1312E-C903-4358-8AA0-57E151C468BE}.Ad-Hoc|x86.Build.0 = Release|Any CPU
		{FCF1312E-C903-4358-8AA0-57E151C468BE}.AppStore|Any CPU.ActiveCfg = Release|Any CPU
		{FCF1312E-C903-4358-8AA0-57E151C468BE}.AppStore|Any CPU.Build.0 = Release|Any CPU
		{FCF1312E-C903-4358-8AA0-57E151C468BE}.AppStore|ARM.ActiveCfg = Release|Any CPU
		{FCF1312E-C903-4358-8AA0-57E151C468BE}.AppStore|ARM.Build.0 = Release|Any CPU
		{FCF1312E-C903-4358-8AA0-57E151C468BE}.AppStore|iPhone.ActiveCfg = Release|Any CPU
		{FCF1312E-C903-4358-8AA0-57E151C468BE}.AppStore|iPhone.Build.0 = Release|Any CPU
		{FCF1312E-C903-4358-8AA0-57E151C468BE}.AppStore|iPhoneSimulator.ActiveCfg = Release|Any CPU
		{FCF1312E-C903-4358-8AA0-57E151C468BE}.AppStore|iPhoneSimulator.Build.0 = Release|Any CPU
		{FCF1312E-C903-4358-8AA0-57E151C468BE}.AppStore|x64.ActiveCfg = Release|Any CPU
		{FCF1312E-C903-4358-8AA0-57E151C468BE}.AppStore|x64.Build.0 = Release|Any CPU
		{FCF1312E-C903-4358-8AA0-57E151C468BE}.AppStore|x86.ActiveCfg = Release|Any CPU
		{FCF1312E-C903-4358-8AA0-57E151C468BE}.AppStore|x86.Build.0 = Release|Any CPU
		{FCF1312E-C903-4358-8AA0-57E151C468BE}.Debug|Any CPU.ActiveCfg = Debug|Any CPU
		{FCF1312E-C903-4358-8AA0-57E151C468BE}.Debug|Any CPU.Build.0 = Debug|Any CPU
		{FCF1312E-C903-4358-8AA0-57E151C468BE}.Debug|ARM.ActiveCfg = Debug|Any CPU
		{FCF1312E-C903-4358-8AA0-57E151C468BE}.Debug|ARM.Build.0 = Debug|Any CPU
		{FCF1312E-C903-4358-8AA0-57E151C468BE}.Debug|iPhone.ActiveCfg = Debug|Any CPU
		{FCF1312E-C903-4358-8AA0-57E151C468BE}.Debug|iPhone.Build.0 = Debug|Any CPU
		{FCF1312E-C903-4358-8AA0-57E151C468BE}.Debug|iPhoneSimulator.ActiveCfg = Debug|Any CPU
		{FCF1312E-C903-4358-8AA0-57E151C468BE}.Debug|iPhoneSimulator.Build.0 = Debug|Any CPU
		{FCF1312E-C903-4358-8AA0-57E151C468BE}.Debug|x64.ActiveCfg = Debug|Any CPU
		{FCF1312E-C903-4358-8AA0-57E151C468BE}.Debug|x64.Build.0 = Debug|Any CPU
		{FCF1312E-C903-4358-8AA0-57E151C468BE}.Debug|x86.ActiveCfg = Debug|Any CPU
		{FCF1312E-C903-4358-8AA0-57E151C468BE}.Debug|x86.Build.0 = Debug|Any CPU
		{FCF1312E-C903-4358-8AA0-57E151C468BE}.Release|Any CPU.ActiveCfg = Release|Any CPU
		{FCF1312E-C903-4358-8AA0-57E151C468BE}.Release|Any CPU.Build.0 = Release|Any CPU
		{FCF1312E-C903-4358-8AA0-57E151C468BE}.Release|ARM.ActiveCfg = Release|Any CPU
		{FCF1312E-C903-4358-8AA0-57E151C468BE}.Release|ARM.Build.0 = Release|Any CPU
		{FCF1312E-C903-4358-8AA0-57E151C468BE}.Release|iPhone.ActiveCfg = Release|Any CPU
		{FCF1312E-C903-4358-8AA0-57E151C468BE}.Release|iPhone.Build.0 = Release|Any CPU
		{FCF1312E-C903-4358-8AA0-57E151C468BE}.Release|iPhoneSimulator.ActiveCfg = Release|Any CPU
		{FCF1312E-C903-4358-8AA0-57E151C468BE}.Release|iPhoneSimulator.Build.0 = Release|Any CPU
		{FCF1312E-C903-4358-8AA0-57E151C468BE}.Release|x64.ActiveCfg = Release|Any CPU
		{FCF1312E-C903-4358-8AA0-57E151C468BE}.Release|x64.Build.0 = Release|Any CPU
		{FCF1312E-C903-4358-8AA0-57E151C468BE}.Release|x86.ActiveCfg = Release|Any CPU
		{FCF1312E-C903-4358-8AA0-57E151C468BE}.Release|x86.Build.0 = Release|Any CPU
		{92C2317C-3EE0-4F54-98EF-35468B415E58}.Ad-Hoc|Any CPU.ActiveCfg = Release|Any CPU
		{92C2317C-3EE0-4F54-98EF-35468B415E58}.Ad-Hoc|Any CPU.Build.0 = Release|Any CPU
		{92C2317C-3EE0-4F54-98EF-35468B415E58}.Ad-Hoc|ARM.ActiveCfg = Release|Any CPU
		{92C2317C-3EE0-4F54-98EF-35468B415E58}.Ad-Hoc|ARM.Build.0 = Release|Any CPU
		{92C2317C-3EE0-4F54-98EF-35468B415E58}.Ad-Hoc|iPhone.ActiveCfg = Release|Any CPU
		{92C2317C-3EE0-4F54-98EF-35468B415E58}.Ad-Hoc|iPhone.Build.0 = Release|Any CPU
		{92C2317C-3EE0-4F54-98EF-35468B415E58}.Ad-Hoc|iPhoneSimulator.ActiveCfg = Release|Any CPU
		{92C2317C-3EE0-4F54-98EF-35468B415E58}.Ad-Hoc|iPhoneSimulator.Build.0 = Release|Any CPU
		{92C2317C-3EE0-4F54-98EF-35468B415E58}.Ad-Hoc|x64.ActiveCfg = Release|Any CPU
		{92C2317C-3EE0-4F54-98EF-35468B415E58}.Ad-Hoc|x64.Build.0 = Release|Any CPU
		{92C2317C-3EE0-4F54-98EF-35468B415E58}.Ad-Hoc|x86.ActiveCfg = Release|Any CPU
		{92C2317C-3EE0-4F54-98EF-35468B415E58}.Ad-Hoc|x86.Build.0 = Release|Any CPU
		{92C2317C-3EE0-4F54-98EF-35468B415E58}.AppStore|Any CPU.ActiveCfg = Release|Any CPU
		{92C2317C-3EE0-4F54-98EF-35468B415E58}.AppStore|Any CPU.Build.0 = Release|Any CPU
		{92C2317C-3EE0-4F54-98EF-35468B415E58}.AppStore|ARM.ActiveCfg = Release|Any CPU
		{92C2317C-3EE0-4F54-98EF-35468B415E58}.AppStore|ARM.Build.0 = Release|Any CPU
		{92C2317C-3EE0-4F54-98EF-35468B415E58}.AppStore|iPhone.ActiveCfg = Release|Any CPU
		{92C2317C-3EE0-4F54-98EF-35468B415E58}.AppStore|iPhone.Build.0 = Release|Any CPU
		{92C2317C-3EE0-4F54-98EF-35468B415E58}.AppStore|iPhoneSimulator.ActiveCfg = Release|Any CPU
		{92C2317C-3EE0-4F54-98EF-35468B415E58}.AppStore|iPhoneSimulator.Build.0 = Release|Any CPU
		{92C2317C-3EE0-4F54-98EF-35468B415E58}.AppStore|x64.ActiveCfg = Release|Any CPU
		{92C2317C-3EE0-4F54-98EF-35468B415E58}.AppStore|x64.Build.0 = Release|Any CPU
		{92C2317C-3EE0-4F54-98EF-35468B415E58}.AppStore|x86.ActiveCfg = Release|Any CPU
		{92C2317C-3EE0-4F54-98EF-35468B415E58}.AppStore|x86.Build.0 = Release|Any CPU
		{92C2317C-3EE0-4F54-98EF-35468B415E58}.Debug|Any CPU.ActiveCfg = Debug|Any CPU
		{92C2317C-3EE0-4F54-98EF-35468B415E58}.Debug|Any CPU.Build.0 = Debug|Any CPU
		{92C2317C-3EE0-4F54-98EF-35468B415E58}.Debug|ARM.ActiveCfg = Debug|Any CPU
		{92C2317C-3EE0-4F54-98EF-35468B415E58}.Debug|ARM.Build.0 = Debug|Any CPU
		{92C2317C-3EE0-4F54-98EF-35468B415E58}.Debug|iPhone.ActiveCfg = Debug|Any CPU
		{92C2317C-3EE0-4F54-98EF-35468B415E58}.Debug|iPhone.Build.0 = Debug|Any CPU
		{92C2317C-3EE0-4F54-98EF-35468B415E58}.Debug|iPhoneSimulator.ActiveCfg = Debug|Any CPU
		{92C2317C-3EE0-4F54-98EF-35468B415E58}.Debug|iPhoneSimulator.Build.0 = Debug|Any CPU
		{92C2317C-3EE0-4F54-98EF-35468B415E58}.Debug|x64.ActiveCfg = Debug|Any CPU
		{92C2317C-3EE0-4F54-98EF-35468B415E58}.Debug|x64.Build.0 = Debug|Any CPU
		{92C2317C-3EE0-4F54-98EF-35468B415E58}.Debug|x86.ActiveCfg = Debug|Any CPU
		{92C2317C-3EE0-4F54-98EF-35468B415E58}.Debug|x86.Build.0 = Debug|Any CPU
		{92C2317C-3EE0-4F54-98EF-35468B415E58}.Release|Any CPU.ActiveCfg = Release|Any CPU
		{92C2317C-3EE0-4F54-98EF-35468B415E58}.Release|Any CPU.Build.0 = Release|Any CPU
		{92C2317C-3EE0-4F54-98EF-35468B415E58}.Release|ARM.ActiveCfg = Release|Any CPU
		{92C2317C-3EE0-4F54-98EF-35468B415E58}.Release|ARM.Build.0 = Release|Any CPU
		{92C2317C-3EE0-4F54-98EF-35468B415E58}.Release|iPhone.ActiveCfg = Release|Any CPU
		{92C2317C-3EE0-4F54-98EF-35468B415E58}.Release|iPhone.Build.0 = Release|Any CPU
		{92C2317C-3EE0-4F54-98EF-35468B415E58}.Release|iPhoneSimulator.ActiveCfg = Release|Any CPU
		{92C2317C-3EE0-4F54-98EF-35468B415E58}.Release|iPhoneSimulator.Build.0 = Release|Any CPU
		{92C2317C-3EE0-4F54-98EF-35468B415E58}.Release|x64.ActiveCfg = Release|Any CPU
		{92C2317C-3EE0-4F54-98EF-35468B415E58}.Release|x64.Build.0 = Release|Any CPU
		{92C2317C-3EE0-4F54-98EF-35468B415E58}.Release|x86.ActiveCfg = Release|Any CPU
		{92C2317C-3EE0-4F54-98EF-35468B415E58}.Release|x86.Build.0 = Release|Any CPU
		{82D8FC32-76EA-4678-B704-E301524CEAA6}.Ad-Hoc|Any CPU.ActiveCfg = Release|Any CPU
		{82D8FC32-76EA-4678-B704-E301524CEAA6}.Ad-Hoc|Any CPU.Build.0 = Release|Any CPU
		{82D8FC32-76EA-4678-B704-E301524CEAA6}.Ad-Hoc|ARM.ActiveCfg = Release|Any CPU
		{82D8FC32-76EA-4678-B704-E301524CEAA6}.Ad-Hoc|ARM.Build.0 = Release|Any CPU
		{82D8FC32-76EA-4678-B704-E301524CEAA6}.Ad-Hoc|iPhone.ActiveCfg = Release|Any CPU
		{82D8FC32-76EA-4678-B704-E301524CEAA6}.Ad-Hoc|iPhone.Build.0 = Release|Any CPU
		{82D8FC32-76EA-4678-B704-E301524CEAA6}.Ad-Hoc|iPhoneSimulator.ActiveCfg = Release|Any CPU
		{82D8FC32-76EA-4678-B704-E301524CEAA6}.Ad-Hoc|iPhoneSimulator.Build.0 = Release|Any CPU
		{82D8FC32-76EA-4678-B704-E301524CEAA6}.Ad-Hoc|x64.ActiveCfg = Release|Any CPU
		{82D8FC32-76EA-4678-B704-E301524CEAA6}.Ad-Hoc|x64.Build.0 = Release|Any CPU
		{82D8FC32-76EA-4678-B704-E301524CEAA6}.Ad-Hoc|x86.ActiveCfg = Release|Any CPU
		{82D8FC32-76EA-4678-B704-E301524CEAA6}.Ad-Hoc|x86.Build.0 = Release|Any CPU
		{82D8FC32-76EA-4678-B704-E301524CEAA6}.AppStore|Any CPU.ActiveCfg = Release|Any CPU
		{82D8FC32-76EA-4678-B704-E301524CEAA6}.AppStore|Any CPU.Build.0 = Release|Any CPU
		{82D8FC32-76EA-4678-B704-E301524CEAA6}.AppStore|ARM.ActiveCfg = Release|Any CPU
		{82D8FC32-76EA-4678-B704-E301524CEAA6}.AppStore|ARM.Build.0 = Release|Any CPU
		{82D8FC32-76EA-4678-B704-E301524CEAA6}.AppStore|iPhone.ActiveCfg = Release|Any CPU
		{82D8FC32-76EA-4678-B704-E301524CEAA6}.AppStore|iPhone.Build.0 = Release|Any CPU
		{82D8FC32-76EA-4678-B704-E301524CEAA6}.AppStore|iPhoneSimulator.ActiveCfg = Release|Any CPU
		{82D8FC32-76EA-4678-B704-E301524CEAA6}.AppStore|iPhoneSimulator.Build.0 = Release|Any CPU
		{82D8FC32-76EA-4678-B704-E301524CEAA6}.AppStore|x64.ActiveCfg = Release|Any CPU
		{82D8FC32-76EA-4678-B704-E301524CEAA6}.AppStore|x64.Build.0 = Release|Any CPU
		{82D8FC32-76EA-4678-B704-E301524CEAA6}.AppStore|x86.ActiveCfg = Release|Any CPU
		{82D8FC32-76EA-4678-B704-E301524CEAA6}.AppStore|x86.Build.0 = Release|Any CPU
		{82D8FC32-76EA-4678-B704-E301524CEAA6}.Debug|Any CPU.ActiveCfg = Debug|Any CPU
		{82D8FC32-76EA-4678-B704-E301524CEAA6}.Debug|Any CPU.Build.0 = Debug|Any CPU
		{82D8FC32-76EA-4678-B704-E301524CEAA6}.Debug|ARM.ActiveCfg = Debug|Any CPU
		{82D8FC32-76EA-4678-B704-E301524CEAA6}.Debug|ARM.Build.0 = Debug|Any CPU
		{82D8FC32-76EA-4678-B704-E301524CEAA6}.Debug|iPhone.ActiveCfg = Debug|Any CPU
		{82D8FC32-76EA-4678-B704-E301524CEAA6}.Debug|iPhone.Build.0 = Debug|Any CPU
		{82D8FC32-76EA-4678-B704-E301524CEAA6}.Debug|iPhoneSimulator.ActiveCfg = Debug|Any CPU
		{82D8FC32-76EA-4678-B704-E301524CEAA6}.Debug|iPhoneSimulator.Build.0 = Debug|Any CPU
		{82D8FC32-76EA-4678-B704-E301524CEAA6}.Debug|x64.ActiveCfg = Debug|Any CPU
		{82D8FC32-76EA-4678-B704-E301524CEAA6}.Debug|x64.Build.0 = Debug|Any CPU
		{82D8FC32-76EA-4678-B704-E301524CEAA6}.Debug|x86.ActiveCfg = Debug|Any CPU
		{82D8FC32-76EA-4678-B704-E301524CEAA6}.Debug|x86.Build.0 = Debug|Any CPU
		{82D8FC32-76EA-4678-B704-E301524CEAA6}.Release|Any CPU.ActiveCfg = Release|Any CPU
		{82D8FC32-76EA-4678-B704-E301524CEAA6}.Release|Any CPU.Build.0 = Release|Any CPU
		{82D8FC32-76EA-4678-B704-E301524CEAA6}.Release|ARM.ActiveCfg = Release|Any CPU
		{82D8FC32-76EA-4678-B704-E301524CEAA6}.Release|ARM.Build.0 = Release|Any CPU
		{82D8FC32-76EA-4678-B704-E301524CEAA6}.Release|iPhone.ActiveCfg = Release|Any CPU
		{82D8FC32-76EA-4678-B704-E301524CEAA6}.Release|iPhone.Build.0 = Release|Any CPU
		{82D8FC32-76EA-4678-B704-E301524CEAA6}.Release|iPhoneSimulator.ActiveCfg = Release|Any CPU
		{82D8FC32-76EA-4678-B704-E301524CEAA6}.Release|iPhoneSimulator.Build.0 = Release|Any CPU
		{82D8FC32-76EA-4678-B704-E301524CEAA6}.Release|x64.ActiveCfg = Release|Any CPU
		{82D8FC32-76EA-4678-B704-E301524CEAA6}.Release|x64.Build.0 = Release|Any CPU
		{82D8FC32-76EA-4678-B704-E301524CEAA6}.Release|x86.ActiveCfg = Release|Any CPU
		{82D8FC32-76EA-4678-B704-E301524CEAA6}.Release|x86.Build.0 = Release|Any CPU
		{F095C40B-6CD5-4423-A732-7C66AE6F7188}.Ad-Hoc|Any CPU.ActiveCfg = Release|Any CPU
		{F095C40B-6CD5-4423-A732-7C66AE6F7188}.Ad-Hoc|Any CPU.Build.0 = Release|Any CPU
		{F095C40B-6CD5-4423-A732-7C66AE6F7188}.Ad-Hoc|ARM.ActiveCfg = Release|Any CPU
		{F095C40B-6CD5-4423-A732-7C66AE6F7188}.Ad-Hoc|ARM.Build.0 = Release|Any CPU
		{F095C40B-6CD5-4423-A732-7C66AE6F7188}.Ad-Hoc|iPhone.ActiveCfg = Release|Any CPU
		{F095C40B-6CD5-4423-A732-7C66AE6F7188}.Ad-Hoc|iPhone.Build.0 = Release|Any CPU
		{F095C40B-6CD5-4423-A732-7C66AE6F7188}.Ad-Hoc|iPhoneSimulator.ActiveCfg = Release|Any CPU
		{F095C40B-6CD5-4423-A732-7C66AE6F7188}.Ad-Hoc|iPhoneSimulator.Build.0 = Release|Any CPU
		{F095C40B-6CD5-4423-A732-7C66AE6F7188}.Ad-Hoc|x64.ActiveCfg = Release|Any CPU
		{F095C40B-6CD5-4423-A732-7C66AE6F7188}.Ad-Hoc|x64.Build.0 = Release|Any CPU
		{F095C40B-6CD5-4423-A732-7C66AE6F7188}.Ad-Hoc|x86.ActiveCfg = Release|Any CPU
		{F095C40B-6CD5-4423-A732-7C66AE6F7188}.Ad-Hoc|x86.Build.0 = Release|Any CPU
		{F095C40B-6CD5-4423-A732-7C66AE6F7188}.AppStore|Any CPU.ActiveCfg = Release|Any CPU
		{F095C40B-6CD5-4423-A732-7C66AE6F7188}.AppStore|Any CPU.Build.0 = Release|Any CPU
		{F095C40B-6CD5-4423-A732-7C66AE6F7188}.AppStore|ARM.ActiveCfg = Release|Any CPU
		{F095C40B-6CD5-4423-A732-7C66AE6F7188}.AppStore|ARM.Build.0 = Release|Any CPU
		{F095C40B-6CD5-4423-A732-7C66AE6F7188}.AppStore|iPhone.ActiveCfg = Release|Any CPU
		{F095C40B-6CD5-4423-A732-7C66AE6F7188}.AppStore|iPhone.Build.0 = Release|Any CPU
		{F095C40B-6CD5-4423-A732-7C66AE6F7188}.AppStore|iPhoneSimulator.ActiveCfg = Release|Any CPU
		{F095C40B-6CD5-4423-A732-7C66AE6F7188}.AppStore|iPhoneSimulator.Build.0 = Release|Any CPU
		{F095C40B-6CD5-4423-A732-7C66AE6F7188}.AppStore|x64.ActiveCfg = Release|Any CPU
		{F095C40B-6CD5-4423-A732-7C66AE6F7188}.AppStore|x64.Build.0 = Release|Any CPU
		{F095C40B-6CD5-4423-A732-7C66AE6F7188}.AppStore|x86.ActiveCfg = Release|Any CPU
		{F095C40B-6CD5-4423-A732-7C66AE6F7188}.AppStore|x86.Build.0 = Release|Any CPU
		{F095C40B-6CD5-4423-A732-7C66AE6F7188}.Debug|Any CPU.ActiveCfg = Debug|Any CPU
		{F095C40B-6CD5-4423-A732-7C66AE6F7188}.Debug|Any CPU.Build.0 = Debug|Any CPU
		{F095C40B-6CD5-4423-A732-7C66AE6F7188}.Debug|ARM.ActiveCfg = Debug|Any CPU
		{F095C40B-6CD5-4423-A732-7C66AE6F7188}.Debug|ARM.Build.0 = Debug|Any CPU
		{F095C40B-6CD5-4423-A732-7C66AE6F7188}.Debug|iPhone.ActiveCfg = Debug|Any CPU
		{F095C40B-6CD5-4423-A732-7C66AE6F7188}.Debug|iPhone.Build.0 = Debug|Any CPU
		{F095C40B-6CD5-4423-A732-7C66AE6F7188}.Debug|iPhoneSimulator.ActiveCfg = Debug|Any CPU
		{F095C40B-6CD5-4423-A732-7C66AE6F7188}.Debug|iPhoneSimulator.Build.0 = Debug|Any CPU
		{F095C40B-6CD5-4423-A732-7C66AE6F7188}.Debug|x64.ActiveCfg = Debug|Any CPU
		{F095C40B-6CD5-4423-A732-7C66AE6F7188}.Debug|x64.Build.0 = Debug|Any CPU
		{F095C40B-6CD5-4423-A732-7C66AE6F7188}.Debug|x86.ActiveCfg = Debug|Any CPU
		{F095C40B-6CD5-4423-A732-7C66AE6F7188}.Debug|x86.Build.0 = Debug|Any CPU
		{F095C40B-6CD5-4423-A732-7C66AE6F7188}.Release|Any CPU.ActiveCfg = Release|Any CPU
		{F095C40B-6CD5-4423-A732-7C66AE6F7188}.Release|Any CPU.Build.0 = Release|Any CPU
		{F095C40B-6CD5-4423-A732-7C66AE6F7188}.Release|ARM.ActiveCfg = Release|Any CPU
		{F095C40B-6CD5-4423-A732-7C66AE6F7188}.Release|ARM.Build.0 = Release|Any CPU
		{F095C40B-6CD5-4423-A732-7C66AE6F7188}.Release|iPhone.ActiveCfg = Release|Any CPU
		{F095C40B-6CD5-4423-A732-7C66AE6F7188}.Release|iPhone.Build.0 = Release|Any CPU
		{F095C40B-6CD5-4423-A732-7C66AE6F7188}.Release|iPhoneSimulator.ActiveCfg = Release|Any CPU
		{F095C40B-6CD5-4423-A732-7C66AE6F7188}.Release|iPhoneSimulator.Build.0 = Release|Any CPU
		{F095C40B-6CD5-4423-A732-7C66AE6F7188}.Release|x64.ActiveCfg = Release|Any CPU
		{F095C40B-6CD5-4423-A732-7C66AE6F7188}.Release|x64.Build.0 = Release|Any CPU
		{F095C40B-6CD5-4423-A732-7C66AE6F7188}.Release|x86.ActiveCfg = Release|Any CPU
		{F095C40B-6CD5-4423-A732-7C66AE6F7188}.Release|x86.Build.0 = Release|Any CPU
	EndGlobalSection
	GlobalSection(SolutionProperties) = preSolution
		HideSolutionNode = FALSE
	EndGlobalSection
	GlobalSection(NestedProjects) = preSolution
		{A3C3E855-1967-4899-AB48-FEFFD256D2FF} = {1D0817CB-F1CB-4E72-942D-EF2F4FAC26E7}
		{2A67CE65-F4D4-4068-AA7D-EC227C11E422} = {1D0817CB-F1CB-4E72-942D-EF2F4FAC26E7}
		{972ACAE0-30F6-4718-8536-407122366550} = {2A67CE65-F4D4-4068-AA7D-EC227C11E422}
		{E5B76C21-D576-4BF8-A28B-885B79412D99} = {2A67CE65-F4D4-4068-AA7D-EC227C11E422}
		{2CAB7A5C-221C-4A3E-A44B-F285BB4711C4} = {1D0817CB-F1CB-4E72-942D-EF2F4FAC26E7}
		{BB1898A4-13DA-4C1E-9F82-00B5EE93C585} = {2CAB7A5C-221C-4A3E-A44B-F285BB4711C4}
		{4522B157-6F34-49DC-B10B-1AC56DD4D6DA} = {1D0817CB-F1CB-4E72-942D-EF2F4FAC26E7}
		{0D009F50-D8C8-49BB-85BF-F9DE61D5D23A} = {A3C3E855-1967-4899-AB48-FEFFD256D2FF}
		{FCF1312E-C903-4358-8AA0-57E151C468BE} = {E1A20131-4A71-4F0F-BA01-07693A223E20}
		{92C2317C-3EE0-4F54-98EF-35468B415E58} = {E1A20131-4A71-4F0F-BA01-07693A223E20}
		{82D8FC32-76EA-4678-B704-E301524CEAA6} = {4522B157-6F34-49DC-B10B-1AC56DD4D6DA}
		{F095C40B-6CD5-4423-A732-7C66AE6F7188} = {4522B157-6F34-49DC-B10B-1AC56DD4D6DA}
	EndGlobalSection
	GlobalSection(ExtensibilityGlobals) = postSolution
		SolutionGuid = {3DFFB2A7-E16F-4967-909D-6C35DBE666CC}
	EndGlobalSection
EndGlobal
